
Microsoft Visual Studio Solution File, Format Version 12.00
# Visual Studio Version 16
VisualStudioVersion = 16.0.30309.148
MinimumVisualStudioVersion = 10.0.40219.1
Project("{8BC9CEB8-8B4A-11D0-8D11-00A0C91BC942}") = "10- I. 斐波那契数列", "10- I. 斐波那契数列\10- I. 斐波那契数列.vcxproj", "{CDA3046B-AA58-4247-A43E-35E432B6A481}"
EndProject
Project("{8BC9CEB8-8B4A-11D0-8D11-00A0C91BC942}") = "10- II. 青蛙跳台阶问题", "10- II. 青蛙跳台阶问题\10- II. 青蛙跳台阶问题.vcxproj", "{9DA73174-083D-4C4A-A53A-4FCE5A2C237D}"
EndProject
Project("{8BC9CEB8-8B4A-11D0-8D11-00A0C91BC942}") = "04. 二维数组中的查找", "04. 二维数组中的查找\04. 二维数组中的查找.vcxproj", "{596F72E2-F126-4446-BCD3-9C259D3E6923}"
EndProject
Project("{8BC9CEB8-8B4A-11D0-8D11-00A0C91BC942}") = "05. 替换空格", "05. 替换空格\05. 替换空格.vcxproj", "{647C496D-9CC9-42B5-B6E2-32D2E41FFE2F}"
EndProject
Project("{8BC9CEB8-8B4A-11D0-8D11-00A0C91BC942}") = "06. 从尾到头打印链表", "06. 从尾到头打印链表\06. 从尾到头打印链表.vcxproj", "{512A4505-EC73-4D03-8127-B9D0104EA84F}"
EndProject
Project("{8BC9CEB8-8B4A-11D0-8D11-00A0C91BC942}") = "07. 重建二叉树", "07. 重建二叉树\07. 重建二叉树.vcxproj", "{06BBF1C2-61A4-4E4B-A45C-8B73BF65659C}"
EndProject
Project("{8BC9CEB8-8B4A-11D0-8D11-00A0C91BC942}") = "09. 用两个栈实现队列", "09. 用两个栈实现队列\09. 用两个栈实现队列.vcxproj", "{6A5DB935-CE40-45DC-86BF-32797B4B7F1E}"
EndProject
Project("{8BC9CEB8-8B4A-11D0-8D11-00A0C91BC942}") = "11. 旋转数组的最小数字", "11. 旋转数组的最小数字\11. 旋转数组的最小数字.vcxproj", "{9B5BC011-0DF0-49B0-B735-1B2AFD2024D8}"
EndProject
Project("{8BC9CEB8-8B4A-11D0-8D11-00A0C91BC942}") = "12. 矩阵中的路径", "12. 矩阵中的路径\12. 矩阵中的路径.vcxproj", "{3B78D9CD-A7A2-4805-9B95-C4F86BC1FECA}"
EndProject
Project("{8BC9CEB8-8B4A-11D0-8D11-00A0C91BC942}") = "58 - II. 左旋转字符串", "58 - II. 左旋转字符串\58 - II. 左旋转字符串.vcxproj", "{78CA97AC-B03C-4F00-9E69-A02F3F315334}"
EndProject
Global
	GlobalSection(SolutionConfigurationPlatforms) = preSolution
		Debug|x64 = Debug|x64
		Debug|x86 = Debug|x86
		Release|x64 = Release|x64
		Release|x86 = Release|x86
	EndGlobalSection
	GlobalSection(ProjectConfigurationPlatforms) = postSolution
		{CDA3046B-AA58-4247-A43E-35E432B6A481}.Debug|x64.ActiveCfg = Debug|x64
		{CDA3046B-AA58-4247-A43E-35E432B6A481}.Debug|x64.Build.0 = Debug|x64
		{CDA3046B-AA58-4247-A43E-35E432B6A481}.Debug|x86.ActiveCfg = Debug|Win32
		{CDA3046B-AA58-4247-A43E-35E432B6A481}.Debug|x86.Build.0 = Debug|Win32
		{CDA3046B-AA58-4247-A43E-35E432B6A481}.Release|x64.ActiveCfg = Release|x64
		{CDA3046B-AA58-4247-A43E-35E432B6A481}.Release|x64.Build.0 = Release|x64
		{CDA3046B-AA58-4247-A43E-35E432B6A481}.Release|x86.ActiveCfg = Release|Win32
		{CDA3046B-AA58-4247-A43E-35E432B6A481}.Release|x86.Build.0 = Release|Win32
		{9DA73174-083D-4C4A-A53A-4FCE5A2C237D}.Debug|x64.ActiveCfg = Debug|x64
		{9DA73174-083D-4C4A-A53A-4FCE5A2C237D}.Debug|x64.Build.0 = Debug|x64
		{9DA73174-083D-4C4A-A53A-4FCE5A2C237D}.Debug|x86.ActiveCfg = Debug|Win32
		{9DA73174-083D-4C4A-A53A-4FCE5A2C237D}.Debug|x86.Build.0 = Debug|Win32
		{9DA73174-083D-4C4A-A53A-4FCE5A2C237D}.Release|x64.ActiveCfg = Release|x64
		{9DA73174-083D-4C4A-A53A-4FCE5A2C237D}.Release|x64.Build.0 = Release|x64
		{9DA73174-083D-4C4A-A53A-4FCE5A2C237D}.Release|x86.ActiveCfg = Release|Win32
		{9DA73174-083D-4C4A-A53A-4FCE5A2C237D}.Release|x86.Build.0 = Release|Win32
		{596F72E2-F126-4446-BCD3-9C259D3E6923}.Debug|x64.ActiveCfg = Debug|x64
		{596F72E2-F126-4446-BCD3-9C259D3E6923}.Debug|x64.Build.0 = Debug|x64
		{596F72E2-F126-4446-BCD3-9C259D3E6923}.Debug|x86.ActiveCfg = Debug|Win32
		{596F72E2-F126-4446-BCD3-9C259D3E6923}.Debug|x86.Build.0 = Debug|Win32
		{596F72E2-F126-4446-BCD3-9C259D3E6923}.Release|x64.ActiveCfg = Release|x64
		{596F72E2-F126-4446-BCD3-9C259D3E6923}.Release|x64.Build.0 = Release|x64
		{596F72E2-F126-4446-BCD3-9C259D3E6923}.Release|x86.ActiveCfg = Release|Win32
		{596F72E2-F126-4446-BCD3-9C259D3E6923}.Release|x86.Build.0 = Release|Win32
		{647C496D-9CC9-42B5-B6E2-32D2E41FFE2F}.Debug|x64.ActiveCfg = Debug|x64
		{647C496D-9CC9-42B5-B6E2-32D2E41FFE2F}.Debug|x64.Build.0 = Debug|x64
		{647C496D-9CC9-42B5-B6E2-32D2E41FFE2F}.Debug|x86.ActiveCfg = Debug|Win32
		{647C496D-9CC9-42B5-B6E2-32D2E41FFE2F}.Debug|x86.Build.0 = Debug|Win32
		{647C496D-9CC9-42B5-B6E2-32D2E41FFE2F}.Release|x64.ActiveCfg = Release|x64
		{647C496D-9CC9-42B5-B6E2-32D2E41FFE2F}.Release|x64.Build.0 = Release|x64
		{647C496D-9CC9-42B5-B6E2-32D2E41FFE2F}.Release|x86.ActiveCfg = Release|Win32
		{647C496D-9CC9-42B5-B6E2-32D2E41FFE2F}.Release|x86.Build.0 = Release|Win32
		{512A4505-EC73-4D03-8127-B9D0104EA84F}.Debug|x64.ActiveCfg = Debug|x64
		{512A4505-EC73-4D03-8127-B9D0104EA84F}.Debug|x64.Build.0 = Debug|x64
		{512A4505-EC73-4D03-8127-B9D0104EA84F}.Debug|x86.ActiveCfg = Debug|Win32
		{512A4505-EC73-4D03-8127-B9D0104EA84F}.Debug|x86.Build.0 = Debug|Win32
		{512A4505-EC73-4D03-8127-B9D0104EA84F}.Release|x64.ActiveCfg = Release|x64
		{512A4505-EC73-4D03-8127-B9D0104EA84F}.Release|x64.Build.0 = Release|x64
		{512A4505-EC73-4D03-8127-B9D0104EA84F}.Release|x86.ActiveCfg = Release|Win32
		{512A4505-EC73-4D03-8127-B9D0104EA84F}.Release|x86.Build.0 = Release|Win32
		{06BBF1C2-61A4-4E4B-A45C-8B73BF65659C}.Debug|x64.ActiveCfg = Debug|x64
		{06BBF1C2-61A4-4E4B-A45C-8B73BF65659C}.Debug|x64.Build.0 = Debug|x64
		{06BBF1C2-61A4-4E4B-A45C-8B73BF65659C}.Debug|x86.ActiveCfg = Debug|Win32
		{06BBF1C2-61A4-4E4B-A45C-8B73BF65659C}.Debug|x86.Build.0 = Debug|Win32
		{06BBF1C2-61A4-4E4B-A45C-8B73BF65659C}.Release|x64.ActiveCfg = Release|x64
		{06BBF1C2-61A4-4E4B-A45C-8B73BF65659C}.Release|x64.Build.0 = Release|x64
		{06BBF1C2-61A4-4E4B-A45C-8B73BF65659C}.Release|x86.ActiveCfg = Release|Win32
		{06BBF1C2-61A4-4E4B-A45C-8B73BF65659C}.Release|x86.Build.0 = Release|Win32
		{6A5DB935-CE40-45DC-86BF-32797B4B7F1E}.Debug|x64.ActiveCfg = Debug|x64
		{6A5DB935-CE40-45DC-86BF-32797B4B7F1E}.Debug|x64.Build.0 = Debug|x64
		{6A5DB935-CE40-45DC-86BF-32797B4B7F1E}.Debug|x86.ActiveCfg = Debug|Win32
		{6A5DB935-CE40-45DC-86BF-32797B4B7F1E}.Debug|x86.Build.0 = Debug|Win32
		{6A5DB935-CE40-45DC-86BF-32797B4B7F1E}.Release|x64.ActiveCfg = Release|x64
		{6A5DB935-CE40-45DC-86BF-32797B4B7F1E}.Release|x64.Build.0 = Release|x64
		{6A5DB935-CE40-45DC-86BF-32797B4B7F1E}.Release|x86.ActiveCfg = Release|Win32
		{6A5DB935-CE40-45DC-86BF-32797B4B7F1E}.Release|x86.Build.0 = Release|Win32
		{9B5BC011-0DF0-49B0-B735-1B2AFD2024D8}.Debug|x64.ActiveCfg = Debug|x64
		{9B5BC011-0DF0-49B0-B735-1B2AFD2024D8}.Debug|x64.Build.0 = Debug|x64
		{9B5BC011-0DF0-49B0-B735-1B2AFD2024D8}.Debug|x86.ActiveCfg = Debug|Win32
		{9B5BC011-0DF0-49B0-B735-1B2AFD2024D8}.Debug|x86.Build.0 = Debug|Win32
		{9B5BC011-0DF0-49B0-B735-1B2AFD2024D8}.Release|x64.ActiveCfg = Release|x64
		{9B5BC011-0DF0-49B0-B735-1B2AFD2024D8}.Release|x64.Build.0 = Release|x64
		{9B5BC011-0DF0-49B0-B735-1B2AFD2024D8}.Release|x86.ActiveCfg = Release|Win32
		{9B5BC011-0DF0-49B0-B735-1B2AFD2024D8}.Release|x86.Build.0 = Release|Win32
		{3B78D9CD-A7A2-4805-9B95-C4F86BC1FECA}.Debug|x64.ActiveCfg = Debug|x64
		{3B78D9CD-A7A2-4805-9B95-C4F86BC1FECA}.Debug|x64.Build.0 = Debug|x64
		{3B78D9CD-A7A2-4805-9B95-C4F86BC1FECA}.Debug|x86.ActiveCfg = Debug|Win32
		{3B78D9CD-A7A2-4805-9B95-C4F86BC1FECA}.Debug|x86.Build.0 = Debug|Win32
		{3B78D9CD-A7A2-4805-9B95-C4F86BC1FECA}.Release|x64.ActiveCfg = Release|x64
		{3B78D9CD-A7A2-4805-9B95-C4F86BC1FECA}.Release|x64.Build.0 = Release|x64
		{3B78D9CD-A7A2-4805-9B95-C4F86BC1FECA}.Release|x86.ActiveCfg = Release|Win32
		{3B78D9CD-A7A2-4805-9B95-C4F86BC1FECA}.Release|x86.Build.0 = Release|Win32
		{78CA97AC-B03C-4F00-9E69-A02F3F315334}.Debug|x64.ActiveCfg = Debug|x64
		{78CA97AC-B03C-4F00-9E69-A02F3F315334}.Debug|x64.Build.0 = Debug|x64
		{78CA97AC-B03C-4F00-9E69-A02F3F315334}.Debug|x86.ActiveCfg = Debug|Win32
		{78CA97AC-B03C-4F00-9E69-A02F3F315334}.Debug|x86.Build.0 = Debug|Win32
		{78CA97AC-B03C-4F00-9E69-A02F3F315334}.Release|x64.ActiveCfg = Release|x64
		{78CA97AC-B03C-4F00-9E69-A02F3F315334}.Release|x64.Build.0 = Release|x64
		{78CA97AC-B03C-4F00-9E69-A02F3F315334}.Release|x86.ActiveCfg = Release|Win32
		{78CA97AC-B03C-4F00-9E69-A02F3F315334}.Release|x86.Build.0 = Release|Win32
	EndGlobalSection
	GlobalSection(SolutionProperties) = preSolution
		HideSolutionNode = FALSE
	EndGlobalSection
	GlobalSection(ExtensibilityGlobals) = postSolution
		SolutionGuid = {7734B750-FF2F-44EE-A3A3-CA368F78B729}
	EndGlobalSection
EndGlobal
